
Microsoft Visual Studio Solution File, Format Version 12.00
# Visual Studio 2013
VisualStudioVersion = 12.0.30501.0
MinimumVisualStudioVersion = 10.0.40219.1
Project("{888888A0-9F3D-457C-B088-3A5042F75D52}") = "TestSystem", "TestSystem\TestSystem.pyproj", "{5656B681-0185-426B-9C2D-C93EC48CD57E}"
EndProject
Project("{888888A0-9F3D-457C-B088-3A5042F75D52}") = "TestModule", "TestModule\TestModule.pyproj", "{7CB860F5-F316-4256-AE8E-1B017BD5C9BF}"
EndProject
Project("{888888A0-9F3D-457C-B088-3A5042F75D52}") = "WebDjangoApp_C3P", "WebDjangoApp_C3P\WebDjangoApp_C3P.pyproj", "{0C472DC8-0423-4594-9D69-31D673A1E8D7}"
EndProject
Project("{CC5FD16D-436D-48AD-A40C-5A424C6E3E79}") = "WebDjangoApp_C3P.Azure", "WebDjangoApp_C3P.Azure\WebDjangoApp_C3P.Azure.ccproj", "{C80A8B81-9134-4168-9AB1-10E03774190C}"
EndProject
Global
	GlobalSection(SolutionConfigurationPlatforms) = preSolution
		Debug|Any CPU = Debug|Any CPU
		Release|Any CPU = Release|Any CPU
	EndGlobalSection
	GlobalSection(ProjectConfigurationPlatforms) = postSolution
		{5656B681-0185-426B-9C2D-C93EC48CD57E}.Debug|Any CPU.ActiveCfg = Debug|Any CPU
		{5656B681-0185-426B-9C2D-C93EC48CD57E}.Debug|Any CPU.Build.0 = Debug|Any CPU
		{5656B681-0185-426B-9C2D-C93EC48CD57E}.Release|Any CPU.ActiveCfg = Release|Any CPU
		{5656B681-0185-426B-9C2D-C93EC48CD57E}.Release|Any CPU.Build.0 = Release|Any CPU
		{7CB860F5-F316-4256-AE8E-1B017BD5C9BF}.Debug|Any CPU.ActiveCfg = Debug|Any CPU
		{7CB860F5-F316-4256-AE8E-1B017BD5C9BF}.Debug|Any CPU.Build.0 = Debug|Any CPU
		{7CB860F5-F316-4256-AE8E-1B017BD5C9BF}.Release|Any CPU.ActiveCfg = Release|Any CPU
		{7CB860F5-F316-4256-AE8E-1B017BD5C9BF}.Release|Any CPU.Build.0 = Release|Any CPU
		{0C472DC8-0423-4594-9D69-31D673A1E8D7}.Debug|Any CPU.ActiveCfg = Debug|Any CPU
		{0C472DC8-0423-4594-9D69-31D673A1E8D7}.Debug|Any CPU.Build.0 = Debug|Any CPU
		{0C472DC8-0423-4594-9D69-31D673A1E8D7}.Release|Any CPU.ActiveCfg = Release|Any CPU
		{0C472DC8-0423-4594-9D69-31D673A1E8D7}.Release|Any CPU.Build.0 = Release|Any CPU
		{C80A8B81-9134-4168-9AB1-10E03774190C}.Debug|Any CPU.ActiveCfg = Debug|Any CPU
		{C80A8B81-9134-4168-9AB1-10E03774190C}.Debug|Any CPU.Build.0 = Debug|Any CPU
		{C80A8B81-9134-4168-9AB1-10E03774190C}.Release|Any CPU.ActiveCfg = Release|Any CPU
		{C80A8B81-9134-4168-9AB1-10E03774190C}.Release|Any CPU.Build.0 = Release|Any CPU
	EndGlobalSection
	GlobalSection(SolutionProperties) = preSolution
		HideSolutionNode = FALSE
	EndGlobalSection
EndGlobal
